
Microsoft Visual Studio Solution File, Format Version 12.00
# Visual Studio Version 17
VisualStudioVersion = 17.8.34511.84
MinimumVisualStudioVersion = 10.0.40219.1
Project("{FAE04EC0-301F-11D3-BF4B-00C04F79EFBC}") = "Desafio Final Arquitetura de Software", "Desafio Final Arquitetura de Software.csproj", "{ACA6BD76-4816-4936-B44E-B2F877B3A5EE}"
EndProject
Global
	GlobalSection(SolutionConfigurationPlatforms) = preSolution
		Debug|Any CPU = Debug|Any CPU
		Release|Any CPU = Release|Any CPU
	EndGlobalSection
	GlobalSection(ProjectConfigurationPlatforms) = postSolution
		{ACA6BD76-4816-4936-B44E-B2F877B3A5EE}.Debug|Any CPU.ActiveCfg = Debug|Any CPU
		{ACA6BD76-4816-4936-B44E-B2F877B3A5EE}.Debug|Any CPU.Build.0 = Debug|Any CPU
		{ACA6BD76-4816-4936-B44E-B2F877B3A5EE}.Release|Any CPU.ActiveCfg = Release|Any CPU
		{ACA6BD76-4816-4936-B44E-B2F877B3A5EE}.Release|Any CPU.Build.0 = Release|Any CPU
	EndGlobalSection
	GlobalSection(SolutionProperties) = preSolution
		HideSolutionNode = FALSE
	EndGlobalSection
	GlobalSection(ExtensibilityGlobals) = postSolution
		SolutionGuid = {A54B21BC-DB0F-4087-B7F5-A4F606D08DF7}
	EndGlobalSection
EndGlobal
